// !$*UTF8*$!
{
	archiveVersion = 1;
	classes = {
	};
	objectVersion = 50;
	objects = {

/* Begin PBXBuildFile section */
		DB114EFD2643D8A80071591E /* ServerViewModel.swift in Sources */ = {isa = PBXBuildFile; fileRef = DB114EFC2643D8A80071591E /* ServerViewModel.swift */; };
		DB114F002643E7FC0071591E /* DispatchQueueExtension.swift in Sources */ = {isa = PBXBuildFile; fileRef = DB114EFF2643E7FC0071591E /* DispatchQueueExtension.swift */; };
		DB114F032643EC740071591E /* CommonCodable.swift in Sources */ = {isa = PBXBuildFile; fileRef = DB114F022643EC740071591E /* CommonCodable.swift */; };
		DB114F0626441BAC0071591E /* Cache.swift in Sources */ = {isa = PBXBuildFile; fileRef = DB114F0526441BAC0071591E /* Cache.swift */; };
		DB114F08264420810071591E /* DateExtension.swift in Sources */ = {isa = PBXBuildFile; fileRef = DB114F07264420810071591E /* DateExtension.swift */; };
		DB11FDA82645118900496D12 /* UIView+Extension.swift in Sources */ = {isa = PBXBuildFile; fileRef = DB11FDA72645118900496D12 /* UIView+Extension.swift */; };
		DB11FDAB264517FD00496D12 /* GradientView.swift in Sources */ = {isa = PBXBuildFile; fileRef = DB11FDAA264517FD00496D12 /* GradientView.swift */; };
		DBA3E039263FED5200DEB36A /* AppDelegate.swift in Sources */ = {isa = PBXBuildFile; fileRef = DBA3E038263FED5200DEB36A /* AppDelegate.swift */; };
		DBA3E03B263FED5200DEB36A /* SceneDelegate.swift in Sources */ = {isa = PBXBuildFile; fileRef = DBA3E03A263FED5200DEB36A /* SceneDelegate.swift */; };
		DBA3E042263FED5300DEB36A /* Assets.xcassets in Resources */ = {isa = PBXBuildFile; fileRef = DBA3E041263FED5300DEB36A /* Assets.xcassets */; };
		DBA3E045263FED5300DEB36A /* LaunchScreen.storyboard in Resources */ = {isa = PBXBuildFile; fileRef = DBA3E043263FED5300DEB36A /* LaunchScreen.storyboard */; };
		DBA3E04D263FEF8400DEB36A /* DustViewController.swift in Sources */ = {isa = PBXBuildFile; fileRef = DBA3E04C263FEF8400DEB36A /* DustViewController.swift */; };
		DBA3E04F263FEF9300DEB36A /* Dust.storyboard in Resources */ = {isa = PBXBuildFile; fileRef = DBA3E04E263FEF9300DEB36A /* Dust.storyboard */; };
		DBA3E056263FF8D500DEB36A /* DustViewController+LocationRequest.swift in Sources */ = {isa = PBXBuildFile; fileRef = DBA3E055263FF8D500DEB36A /* DustViewController+LocationRequest.swift */; };
		DBA3E05C2640198200DEB36A /* StationCodable.swift in Sources */ = {isa = PBXBuildFile; fileRef = DBA3E05B2640198200DEB36A /* StationCodable.swift */; };
		DBA3E06026401B8F00DEB36A /* Session.swift in Sources */ = {isa = PBXBuildFile; fileRef = DBA3E05F26401B8F00DEB36A /* Session.swift */; };
		DBA3E06526401E5A00DEB36A /* Key.swift in Sources */ = {isa = PBXBuildFile; fileRef = DBA3E06426401E5A00DEB36A /* Key.swift */; };
		DBA3E07D2640243E00DEB36A /* ShowingDustTests.swift in Sources */ = {isa = PBXBuildFile; fileRef = DBA3E07C2640243E00DEB36A /* ShowingDustTests.swift */; };
		DBA3E0852640270200DEB36A /* StationTest.swift in Sources */ = {isa = PBXBuildFile; fileRef = DBA3E0842640270200DEB36A /* StationTest.swift */; };
		DBA3E08726402F1300DEB36A /* JSONCodability.swift in Sources */ = {isa = PBXBuildFile; fileRef = DBA3E08626402F1300DEB36A /* JSONCodability.swift */; };
		DBA3E0892640392000DEB36A /* DustViewModel.swift in Sources */ = {isa = PBXBuildFile; fileRef = DBA3E0882640392000DEB36A /* DustViewModel.swift */; };
		DBA3E08B2640395A00DEB36A /* URLType.swift in Sources */ = {isa = PBXBuildFile; fileRef = DBA3E08A2640395A00DEB36A /* URLType.swift */; };
		DBD0C46A26413B5000291011 /* DustCodable.swift in Sources */ = {isa = PBXBuildFile; fileRef = DBD0C46926413B5000291011 /* DustCodable.swift */; };
		DBD0C46C2641486300291011 /* TMCodable.swift in Sources */ = {isa = PBXBuildFile; fileRef = DBD0C46B2641486300291011 /* TMCodable.swift */; };
/* End PBXBuildFile section */

/* Begin PBXContainerItemProxy section */
		DBA3E07F2640243E00DEB36A /* PBXContainerItemProxy */ = {
			isa = PBXContainerItemProxy;
			containerPortal = DBA3E02D263FED5200DEB36A /* Project object */;
			proxyType = 1;
			remoteGlobalIDString = DBA3E034263FED5200DEB36A;
			remoteInfo = ShowingDust;
		};
/* End PBXContainerItemProxy section */

/* Begin PBXFileReference section */
		DB114EFC2643D8A80071591E /* ServerViewModel.swift */ = {isa = PBXFileReference; lastKnownFileType = sourcecode.swift; path = ServerViewModel.swift; sourceTree = "<group>"; };
		DB114EFF2643E7FC0071591E /* DispatchQueueExtension.swift */ = {isa = PBXFileReference; lastKnownFileType = sourcecode.swift; path = DispatchQueueExtension.swift; sourceTree = "<group>"; };
		DB114F022643EC740071591E /* CommonCodable.swift */ = {isa = PBXFileReference; lastKnownFileType = sourcecode.swift; path = CommonCodable.swift; sourceTree = "<group>"; };
		DB114F0526441BAC0071591E /* Cache.swift */ = {isa = PBXFileReference; lastKnownFileType = sourcecode.swift; path = Cache.swift; sourceTree = "<group>"; };
		DB114F07264420810071591E /* DateExtension.swift */ = {isa = PBXFileReference; lastKnownFileType = sourcecode.swift; path = DateExtension.swift; sourceTree = "<group>"; };
		DB11FDA72645118900496D12 /* UIView+Extension.swift */ = {isa = PBXFileReference; lastKnownFileType = sourcecode.swift; path = "UIView+Extension.swift"; sourceTree = "<group>"; };
		DB11FDAA264517FD00496D12 /* GradientView.swift */ = {isa = PBXFileReference; lastKnownFileType = sourcecode.swift; path = GradientView.swift; sourceTree = "<group>"; };
		DBA3E035263FED5200DEB36A /* ShowingDust.app */ = {isa = PBXFileReference; explicitFileType = wrapper.application; includeInIndex = 0; path = ShowingDust.app; sourceTree = BUILT_PRODUCTS_DIR; };
		DBA3E038263FED5200DEB36A /* AppDelegate.swift */ = {isa = PBXFileReference; lastKnownFileType = sourcecode.swift; path = AppDelegate.swift; sourceTree = "<group>"; };
		DBA3E03A263FED5200DEB36A /* SceneDelegate.swift */ = {isa = PBXFileReference; lastKnownFileType = sourcecode.swift; path = SceneDelegate.swift; sourceTree = "<group>"; };
		DBA3E041263FED5300DEB36A /* Assets.xcassets */ = {isa = PBXFileReference; lastKnownFileType = folder.assetcatalog; path = Assets.xcassets; sourceTree = "<group>"; };
		DBA3E044263FED5300DEB36A /* Base */ = {isa = PBXFileReference; lastKnownFileType = file.storyboard; name = Base; path = Base.lproj/LaunchScreen.storyboard; sourceTree = "<group>"; };
		DBA3E046263FED5300DEB36A /* Info.plist */ = {isa = PBXFileReference; lastKnownFileType = text.plist.xml; path = Info.plist; sourceTree = "<group>"; };
		DBA3E04C263FEF8400DEB36A /* DustViewController.swift */ = {isa = PBXFileReference; lastKnownFileType = sourcecode.swift; path = DustViewController.swift; sourceTree = "<group>"; };
		DBA3E04E263FEF9300DEB36A /* Dust.storyboard */ = {isa = PBXFileReference; lastKnownFileType = file.storyboard; path = Dust.storyboard; sourceTree = "<group>"; };
		DBA3E055263FF8D500DEB36A /* DustViewController+LocationRequest.swift */ = {isa = PBXFileReference; lastKnownFileType = sourcecode.swift; path = "DustViewController+LocationRequest.swift"; sourceTree = "<group>"; };
		DBA3E05B2640198200DEB36A /* StationCodable.swift */ = {isa = PBXFileReference; lastKnownFileType = sourcecode.swift; path = StationCodable.swift; sourceTree = "<group>"; };
		DBA3E05F26401B8F00DEB36A /* Session.swift */ = {isa = PBXFileReference; lastKnownFileType = sourcecode.swift; path = Session.swift; sourceTree = "<group>"; };
		DBA3E06426401E5A00DEB36A /* Key.swift */ = {isa = PBXFileReference; lastKnownFileType = sourcecode.swift; path = Key.swift; sourceTree = "<group>"; };
		DBA3E07A2640243E00DEB36A /* ShowingDustTests.xctest */ = {isa = PBXFileReference; explicitFileType = wrapper.cfbundle; includeInIndex = 0; path = ShowingDustTests.xctest; sourceTree = BUILT_PRODUCTS_DIR; };
		DBA3E07C2640243E00DEB36A /* ShowingDustTests.swift */ = {isa = PBXFileReference; lastKnownFileType = sourcecode.swift; path = ShowingDustTests.swift; sourceTree = "<group>"; };
		DBA3E07E2640243E00DEB36A /* Info.plist */ = {isa = PBXFileReference; lastKnownFileType = text.plist.xml; path = Info.plist; sourceTree = "<group>"; };
		DBA3E0842640270200DEB36A /* StationTest.swift */ = {isa = PBXFileReference; lastKnownFileType = sourcecode.swift; path = StationTest.swift; sourceTree = "<group>"; };
		DBA3E08626402F1300DEB36A /* JSONCodability.swift */ = {isa = PBXFileReference; lastKnownFileType = sourcecode.swift; path = JSONCodability.swift; sourceTree = "<group>"; };
		DBA3E0882640392000DEB36A /* DustViewModel.swift */ = {isa = PBXFileReference; lastKnownFileType = sourcecode.swift; path = DustViewModel.swift; sourceTree = "<group>"; };
		DBA3E08A2640395A00DEB36A /* URLType.swift */ = {isa = PBXFileReference; lastKnownFileType = sourcecode.swift; path = URLType.swift; sourceTree = "<group>"; };
		DBD0C46926413B5000291011 /* DustCodable.swift */ = {isa = PBXFileReference; lastKnownFileType = sourcecode.swift; path = DustCodable.swift; sourceTree = "<group>"; };
		DBD0C46B2641486300291011 /* TMCodable.swift */ = {isa = PBXFileReference; lastKnownFileType = sourcecode.swift; path = TMCodable.swift; sourceTree = "<group>"; };
/* End PBXFileReference section */

/* Begin PBXFrameworksBuildPhase section */
		DBA3E032263FED5200DEB36A /* Frameworks */ = {
			isa = PBXFrameworksBuildPhase;
			buildActionMask = 2147483647;
			files = (
			);
			runOnlyForDeploymentPostprocessing = 0;
		};
		DBA3E0772640243E00DEB36A /* Frameworks */ = {
			isa = PBXFrameworksBuildPhase;
			buildActionMask = 2147483647;
			files = (
			);
			runOnlyForDeploymentPostprocessing = 0;
		};
/* End PBXFrameworksBuildPhase section */

/* Begin PBXGroup section */
		DB114F012643E8660071591E /* Extension */ = {
			isa = PBXGroup;
			children = (
				DB114EFF2643E7FC0071591E /* DispatchQueueExtension.swift */,
				DB114F07264420810071591E /* DateExtension.swift */,
				DB11FDA72645118900496D12 /* UIView+Extension.swift */,
			);
			name = Extension;
			sourceTree = "<group>";
		};
		DB114F042643EC920071591E /* Asset */ = {
			isa = PBXGroup;
			children = (
				DBA3E041263FED5300DEB36A /* Assets.xcassets */,
			);
			name = Asset;
			sourceTree = "<group>";
		};
		DB11FDA9264517F600496D12 /* View */ = {
			isa = PBXGroup;
			children = (
				DB11FDAA264517FD00496D12 /* GradientView.swift */,
			);
			name = View;
			sourceTree = "<group>";
		};
		DBA3E02C263FED5200DEB36A = {
			isa = PBXGroup;
			children = (
				DBA3E037263FED5200DEB36A /* ShowingDust */,
				DBA3E07B2640243E00DEB36A /* ShowingDustTests */,
				DBA3E036263FED5200DEB36A /* Products */,
			);
			sourceTree = "<group>";
		};
		DBA3E036263FED5200DEB36A /* Products */ = {
			isa = PBXGroup;
			children = (
				DBA3E035263FED5200DEB36A /* ShowingDust.app */,
				DBA3E07A2640243E00DEB36A /* ShowingDustTests.xctest */,
			);
			name = Products;
			sourceTree = "<group>";
		};
		DBA3E037263FED5200DEB36A /* ShowingDust */ = {
			isa = PBXGroup;
			children = (
				DBA3E06326401E5200DEB36A /* KEY */,
				DB114F042643EC920071591E /* Asset */,
				DBA3E05D2640199400DEB36A /* Codable */,
				DB11FDA9264517F600496D12 /* View */,
				DB114F012643E8660071591E /* Extension */,
				DBA3E05E26401B8500DEB36A /* ViewModel */,
				DBA3E057264018FE00DEB36A /* ViewController */,
				DBA3E0582640190A00DEB36A /* Storyboard */,
				DBA3E0592640191C00DEB36A /* AppDelegate */,
				DBA3E046263FED5300DEB36A /* Info.plist */,
			);
			path = ShowingDust;
			sourceTree = "<group>";
		};
		DBA3E057264018FE00DEB36A /* ViewController */ = {
			isa = PBXGroup;
			children = (
				DBA3E04C263FEF8400DEB36A /* DustViewController.swift */,
				DBA3E055263FF8D500DEB36A /* DustViewController+LocationRequest.swift */,
			);
			name = ViewController;
			sourceTree = "<group>";
		};
		DBA3E0582640190A00DEB36A /* Storyboard */ = {
			isa = PBXGroup;
			children = (
				DBA3E043263FED5300DEB36A /* LaunchScreen.storyboard */,
				DBA3E04E263FEF9300DEB36A /* Dust.storyboard */,
			);
			path = Storyboard;
			sourceTree = "<group>";
		};
		DBA3E0592640191C00DEB36A /* AppDelegate */ = {
			isa = PBXGroup;
			children = (
				DBA3E038263FED5200DEB36A /* AppDelegate.swift */,
				DBA3E03A263FED5200DEB36A /* SceneDelegate.swift */,
			);
			name = AppDelegate;
			sourceTree = "<group>";
		};
		DBA3E05D2640199400DEB36A /* Codable */ = {
			isa = PBXGroup;
			children = (
				DB114F022643EC740071591E /* CommonCodable.swift */,
				DBD0C46B2641486300291011 /* TMCodable.swift */,
				DBA3E05B2640198200DEB36A /* StationCodable.swift */,
				DBD0C46926413B5000291011 /* DustCodable.swift */,
			);
			name = Codable;
			sourceTree = "<group>";
		};
		DBA3E05E26401B8500DEB36A /* ViewModel */ = {
			isa = PBXGroup;
			children = (
				DBA3E08626402F1300DEB36A /* JSONCodability.swift */,
				DBA3E05F26401B8F00DEB36A /* Session.swift */,
				DBA3E08A2640395A00DEB36A /* URLType.swift */,
				DB114EFC2643D8A80071591E /* ServerViewModel.swift */,
				DBA3E0882640392000DEB36A /* DustViewModel.swift */,
				DB114F0526441BAC0071591E /* Cache.swift */,
			);
			name = ViewModel;
			sourceTree = "<group>";
		};
		DBA3E06326401E5200DEB36A /* KEY */ = {
			isa = PBXGroup;
			children = (
				DBA3E06426401E5A00DEB36A /* Key.swift */,
			);
			name = KEY;
			sourceTree = "<group>";
		};
		DBA3E07B2640243E00DEB36A /* ShowingDustTests */ = {
			isa = PBXGroup;
			children = (
				DBA3E0842640270200DEB36A /* StationTest.swift */,
				DBA3E07C2640243E00DEB36A /* ShowingDustTests.swift */,
				DBA3E07E2640243E00DEB36A /* Info.plist */,
			);
			path = ShowingDustTests;
			sourceTree = "<group>";
		};
/* End PBXGroup section */

/* Begin PBXNativeTarget section */
		DBA3E034263FED5200DEB36A /* ShowingDust */ = {
			isa = PBXNativeTarget;
			buildConfigurationList = DBA3E049263FED5300DEB36A /* Build configuration list for PBXNativeTarget "ShowingDust" */;
			buildPhases = (
				DBA3E031263FED5200DEB36A /* Sources */,
				DBA3E032263FED5200DEB36A /* Frameworks */,
				DBA3E033263FED5200DEB36A /* Resources */,
			);
			buildRules = (
			);
			dependencies = (
			);
			name = ShowingDust;
			productName = ShowingDust;
			productReference = DBA3E035263FED5200DEB36A /* ShowingDust.app */;
			productType = "com.apple.product-type.application";
		};
		DBA3E0792640243E00DEB36A /* ShowingDustTests */ = {
			isa = PBXNativeTarget;
			buildConfigurationList = DBA3E0832640243E00DEB36A /* Build configuration list for PBXNativeTarget "ShowingDustTests" */;
			buildPhases = (
				DBA3E0762640243E00DEB36A /* Sources */,
				DBA3E0772640243E00DEB36A /* Frameworks */,
				DBA3E0782640243E00DEB36A /* Resources */,
			);
			buildRules = (
			);
			dependencies = (
				DBA3E0802640243E00DEB36A /* PBXTargetDependency */,
			);
			name = ShowingDustTests;
			productName = ShowingDustTests;
			productReference = DBA3E07A2640243E00DEB36A /* ShowingDustTests.xctest */;
			productType = "com.apple.product-type.bundle.unit-test";
		};
/* End PBXNativeTarget section */

/* Begin PBXProject section */
		DBA3E02D263FED5200DEB36A /* Project object */ = {
			isa = PBXProject;
			attributes = {
				LastSwiftUpdateCheck = 1250;
				LastUpgradeCheck = 1250;
				TargetAttributes = {
					DBA3E034263FED5200DEB36A = {
						CreatedOnToolsVersion = 12.5;
					};
					DBA3E0792640243E00DEB36A = {
						CreatedOnToolsVersion = 12.5;
						TestTargetID = DBA3E034263FED5200DEB36A;
					};
				};
			};
			buildConfigurationList = DBA3E030263FED5200DEB36A /* Build configuration list for PBXProject "ShowingDust" */;
			compatibilityVersion = "Xcode 9.3";
			developmentRegion = en;
			hasScannedForEncodings = 0;
			knownRegions = (
				en,
				Base,
			);
			mainGroup = DBA3E02C263FED5200DEB36A;
			productRefGroup = DBA3E036263FED5200DEB36A /* Products */;
			projectDirPath = "";
			projectRoot = "";
			targets = (
				DBA3E034263FED5200DEB36A /* ShowingDust */,
				DBA3E0792640243E00DEB36A /* ShowingDustTests */,
			);
		};
/* End PBXProject section */

/* Begin PBXResourcesBuildPhase section */
		DBA3E033263FED5200DEB36A /* Resources */ = {
			isa = PBXResourcesBuildPhase;
			buildActionMask = 2147483647;
			files = (
				DBA3E04F263FEF9300DEB36A /* Dust.storyboard in Resources */,
				DBA3E045263FED5300DEB36A /* LaunchScreen.storyboard in Resources */,
				DBA3E042263FED5300DEB36A /* Assets.xcassets in Resources */,
			);
			runOnlyForDeploymentPostprocessing = 0;
		};
		DBA3E0782640243E00DEB36A /* Resources */ = {
			isa = PBXResourcesBuildPhase;
			buildActionMask = 2147483647;
			files = (
			);
			runOnlyForDeploymentPostprocessing = 0;
		};
/* End PBXResourcesBuildPhase section */

/* Begin PBXSourcesBuildPhase section */
		DBA3E031263FED5200DEB36A /* Sources */ = {
			isa = PBXSourcesBuildPhase;
			buildActionMask = 2147483647;
			files = (
				DB11FDAB264517FD00496D12 /* GradientView.swift in Sources */,
				DBA3E039263FED5200DEB36A /* AppDelegate.swift in Sources */,
				DB114F08264420810071591E /* DateExtension.swift in Sources */,
				DBA3E04D263FEF8400DEB36A /* DustViewController.swift in Sources */,
				DBA3E0892640392000DEB36A /* DustViewModel.swift in Sources */,
				DBD0C46A26413B5000291011 /* DustCodable.swift in Sources */,
				DBA3E06026401B8F00DEB36A /* Session.swift in Sources */,
				DB114F002643E7FC0071591E /* DispatchQueueExtension.swift in Sources */,
				DBD0C46C2641486300291011 /* TMCodable.swift in Sources */,
				DBA3E03B263FED5200DEB36A /* SceneDelegate.swift in Sources */,
				DBA3E08B2640395A00DEB36A /* URLType.swift in Sources */,
				DB114F032643EC740071591E /* CommonCodable.swift in Sources */,
				DB11FDA82645118900496D12 /* UIView+Extension.swift in Sources */,
				DB114F0626441BAC0071591E /* Cache.swift in Sources */,
				DBA3E06526401E5A00DEB36A /* Key.swift in Sources */,
				DBA3E056263FF8D500DEB36A /* DustViewController+LocationRequest.swift in Sources */,
				DBA3E05C2640198200DEB36A /* StationCodable.swift in Sources */,
				DB114EFD2643D8A80071591E /* ServerViewModel.swift in Sources */,
				DBA3E08726402F1300DEB36A /* JSONCodability.swift in Sources */,
			);
			runOnlyForDeploymentPostprocessing = 0;
		};
		DBA3E0762640243E00DEB36A /* Sources */ = {
			isa = PBXSourcesBuildPhase;
			buildActionMask = 2147483647;
			files = (
				DBA3E0852640270200DEB36A /* StationTest.swift in Sources */,
				DBA3E07D2640243E00DEB36A /* ShowingDustTests.swift in Sources */,
			);
			runOnlyForDeploymentPostprocessing = 0;
		};
/* End PBXSourcesBuildPhase section */

/* Begin PBXTargetDependency section */
		DBA3E0802640243E00DEB36A /* PBXTargetDependency */ = {
			isa = PBXTargetDependency;
			target = DBA3E034263FED5200DEB36A /* ShowingDust */;
			targetProxy = DBA3E07F2640243E00DEB36A /* PBXContainerItemProxy */;
		};
/* End PBXTargetDependency section */

/* Begin PBXVariantGroup section */
		DBA3E043263FED5300DEB36A /* LaunchScreen.storyboard */ = {
			isa = PBXVariantGroup;
			children = (
				DBA3E044263FED5300DEB36A /* Base */,
			);
			name = LaunchScreen.storyboard;
			sourceTree = "<group>";
		};
/* End PBXVariantGroup section */

/* Begin XCBuildConfiguration section */
		DBA3E047263FED5300DEB36A /* Debug */ = {
			isa = XCBuildConfiguration;
			buildSettings = {
				ALWAYS_SEARCH_USER_PATHS = NO;
				CLANG_ANALYZER_NONNULL = YES;
				CLANG_ANALYZER_NUMBER_OBJECT_CONVERSION = YES_AGGRESSIVE;
				CLANG_CXX_LANGUAGE_STANDARD = "gnu++14";
				CLANG_CXX_LIBRARY = "libc++";
				CLANG_ENABLE_MODULES = YES;
				CLANG_ENABLE_OBJC_ARC = YES;
				CLANG_ENABLE_OBJC_WEAK = YES;
				CLANG_WARN_BLOCK_CAPTURE_AUTORELEASING = YES;
				CLANG_WARN_BOOL_CONVERSION = YES;
				CLANG_WARN_COMMA = YES;
				CLANG_WARN_CONSTANT_CONVERSION = YES;
				CLANG_WARN_DEPRECATED_OBJC_IMPLEMENTATIONS = YES;
				CLANG_WARN_DIRECT_OBJC_ISA_USAGE = YES_ERROR;
				CLANG_WARN_DOCUMENTATION_COMMENTS = YES;
				CLANG_WARN_EMPTY_BODY = YES;
				CLANG_WARN_ENUM_CONVERSION = YES;
				CLANG_WARN_INFINITE_RECURSION = YES;
				CLANG_WARN_INT_CONVERSION = YES;
				CLANG_WARN_NON_LITERAL_NULL_CONVERSION = YES;
				CLANG_WARN_OBJC_IMPLICIT_RETAIN_SELF = YES;
				CLANG_WARN_OBJC_LITERAL_CONVERSION = YES;
				CLANG_WARN_OBJC_ROOT_CLASS = YES_ERROR;
				CLANG_WARN_QUOTED_INCLUDE_IN_FRAMEWORK_HEADER = YES;
				CLANG_WARN_RANGE_LOOP_ANALYSIS = YES;
				CLANG_WARN_STRICT_PROTOTYPES = YES;
				CLANG_WARN_SUSPICIOUS_MOVE = YES;
				CLANG_WARN_UNGUARDED_AVAILABILITY = YES_AGGRESSIVE;
				CLANG_WARN_UNREACHABLE_CODE = YES;
				CLANG_WARN__DUPLICATE_METHOD_MATCH = YES;
				COPY_PHASE_STRIP = NO;
				DEBUG_INFORMATION_FORMAT = dwarf;
				ENABLE_STRICT_OBJC_MSGSEND = YES;
				ENABLE_TESTABILITY = YES;
				GCC_C_LANGUAGE_STANDARD = gnu11;
				GCC_DYNAMIC_NO_PIC = NO;
				GCC_NO_COMMON_BLOCKS = YES;
				GCC_OPTIMIZATION_LEVEL = 0;
				GCC_PREPROCESSOR_DEFINITIONS = (
					"DEBUG=1",
					"$(inherited)",
				);
				GCC_WARN_64_TO_32_BIT_CONVERSION = YES;
				GCC_WARN_ABOUT_RETURN_TYPE = YES_ERROR;
				GCC_WARN_UNDECLARED_SELECTOR = YES;
				GCC_WARN_UNINITIALIZED_AUTOS = YES_AGGRESSIVE;
				GCC_WARN_UNUSED_FUNCTION = YES;
				GCC_WARN_UNUSED_VARIABLE = YES;
				IPHONEOS_DEPLOYMENT_TARGET = 14.5;
				MTL_ENABLE_DEBUG_INFO = INCLUDE_SOURCE;
				MTL_FAST_MATH = YES;
				ONLY_ACTIVE_ARCH = YES;
				SDKROOT = iphoneos;
				SWIFT_ACTIVE_COMPILATION_CONDITIONS = DEBUG;
				SWIFT_OPTIMIZATION_LEVEL = "-Onone";
			};
			name = Debug;
		};
		DBA3E048263FED5300DEB36A /* Release */ = {
			isa = XCBuildConfiguration;
			buildSettings = {
				ALWAYS_SEARCH_USER_PATHS = NO;
				CLANG_ANALYZER_NONNULL = YES;
				CLANG_ANALYZER_NUMBER_OBJECT_CONVERSION = YES_AGGRESSIVE;
				CLANG_CXX_LANGUAGE_STANDARD = "gnu++14";
				CLANG_CXX_LIBRARY = "libc++";
				CLANG_ENABLE_MODULES = YES;
				CLANG_ENABLE_OBJC_ARC = YES;
				CLANG_ENABLE_OBJC_WEAK = YES;
				CLANG_WARN_BLOCK_CAPTURE_AUTORELEASING = YES;
				CLANG_WARN_BOOL_CONVERSION = YES;
				CLANG_WARN_COMMA = YES;
				CLANG_WARN_CONSTANT_CONVERSION = YES;
				CLANG_WARN_DEPRECATED_OBJC_IMPLEMENTATIONS = YES;
				CLANG_WARN_DIRECT_OBJC_ISA_USAGE = YES_ERROR;
				CLANG_WARN_DOCUMENTATION_COMMENTS = YES;
				CLANG_WARN_EMPTY_BODY = YES;
				CLANG_WARN_ENUM_CONVERSION = YES;
				CLANG_WARN_INFINITE_RECURSION = YES;
				CLANG_WARN_INT_CONVERSION = YES;
				CLANG_WARN_NON_LITERAL_NULL_CONVERSION = YES;
				CLANG_WARN_OBJC_IMPLICIT_RETAIN_SELF = YES;
				CLANG_WARN_OBJC_LITERAL_CONVERSION = YES;
				CLANG_WARN_OBJC_ROOT_CLASS = YES_ERROR;
				CLANG_WARN_QUOTED_INCLUDE_IN_FRAMEWORK_HEADER = YES;
				CLANG_WARN_RANGE_LOOP_ANALYSIS = YES;
				CLANG_WARN_STRICT_PROTOTYPES = YES;
				CLANG_WARN_SUSPICIOUS_MOVE = YES;
				CLANG_WARN_UNGUARDED_AVAILABILITY = YES_AGGRESSIVE;
				CLANG_WARN_UNREACHABLE_CODE = YES;
				CLANG_WARN__DUPLICATE_METHOD_MATCH = YES;
				COPY_PHASE_STRIP = NO;
				DEBUG_INFORMATION_FORMAT = "dwarf-with-dsym";
				ENABLE_NS_ASSERTIONS = NO;
				ENABLE_STRICT_OBJC_MSGSEND = YES;
				GCC_C_LANGUAGE_STANDARD = gnu11;
				GCC_NO_COMMON_BLOCKS = YES;
				GCC_WARN_64_TO_32_BIT_CONVERSION = YES;
				GCC_WARN_ABOUT_RETURN_TYPE = YES_ERROR;
				GCC_WARN_UNDECLARED_SELECTOR = YES;
				GCC_WARN_UNINITIALIZED_AUTOS = YES_AGGRESSIVE;
				GCC_WARN_UNUSED_FUNCTION = YES;
				GCC_WARN_UNUSED_VARIABLE = YES;
				IPHONEOS_DEPLOYMENT_TARGET = 14.5;
				MTL_ENABLE_DEBUG_INFO = NO;
				MTL_FAST_MATH = YES;
				SDKROOT = iphoneos;
				SWIFT_COMPILATION_MODE = wholemodule;
				SWIFT_OPTIMIZATION_LEVEL = "-O";
				VALIDATE_PRODUCT = YES;
			};
			name = Release;
		};
		DBA3E04A263FED5300DEB36A /* Debug */ = {
			isa = XCBuildConfiguration;
			buildSettings = {
				ASSETCATALOG_COMPILER_APPICON_NAME = AppIcon;
				ASSETCATALOG_COMPILER_GLOBAL_ACCENT_COLOR_NAME = AccentColor;
				CODE_SIGN_STYLE = Automatic;
				DEVELOPMENT_TEAM = WVLV77R6X7;
				INFOPLIST_FILE = ShowingDust/Info.plist;
				IPHONEOS_DEPLOYMENT_TARGET = 14.1;
				LD_RUNPATH_SEARCH_PATHS = (
					"$(inherited)",
					"@executable_path/Frameworks",
				);
				PRODUCT_BUNDLE_IDENTIFIER = com.hyunsu.park.ShowingDust;
				PRODUCT_NAME = "$(TARGET_NAME)";
				SWIFT_VERSION = 5.0;
				TARGETED_DEVICE_FAMILY = "1,2";
			};
			name = Debug;
		};
		DBA3E04B263FED5300DEB36A /* Release */ = {
			isa = XCBuildConfiguration;
			buildSettings = {
				ASSETCATALOG_COMPILER_APPICON_NAME = AppIcon;
				ASSETCATALOG_COMPILER_GLOBAL_ACCENT_COLOR_NAME = AccentColor;
				CODE_SIGN_STYLE = Automatic;
				DEVELOPMENT_TEAM = WVLV77R6X7;
				INFOPLIST_FILE = ShowingDust/Info.plist;
				IPHONEOS_DEPLOYMENT_TARGET = 14.1;
				LD_RUNPATH_SEARCH_PATHS = (
					"$(inherited)",
					"@executable_path/Frameworks",
				);
				PRODUCT_BUNDLE_IDENTIFIER = com.hyunsu.park.ShowingDust;
				PRODUCT_NAME = "$(TARGET_NAME)";
				SWIFT_VERSION = 5.0;
				TARGETED_DEVICE_FAMILY = "1,2";
			};
			name = Release;
		};
		DBA3E0812640243E00DEB36A /* Debug */ = {
			isa = XCBuildConfiguration;
			buildSettings = {
				BUNDLE_LOADER = "$(TEST_HOST)";
				CODE_SIGN_STYLE = Automatic;
				DEVELOPMENT_TEAM = WVLV77R6X7;
				INFOPLIST_FILE = ShowingDustTests/Info.plist;
				LD_RUNPATH_SEARCH_PATHS = (
					"$(inherited)",
					"@executable_path/Frameworks",
					"@loader_path/Frameworks",
				);
				PRODUCT_BUNDLE_IDENTIFIER = com.hyunsu.park.ShowingDustTests;
				PRODUCT_NAME = "$(TARGET_NAME)";
				SWIFT_VERSION = 5.0;
				TARGETED_DEVICE_FAMILY = "1,2";
				TEST_HOST = "$(BUILT_PRODUCTS_DIR)/ShowingDust.app/ShowingDust";
			};
			name = Debug;
		};
		DBA3E0822640243E00DEB36A /* Release */ = {
			isa = XCBuildConfiguration;
			buildSettings = {
				BUNDLE_LOADER = "$(TEST_HOST)";
				CODE_SIGN_STYLE = Automatic;
				DEVELOPMENT_TEAM = WVLV77R6X7;
				INFOPLIST_FILE = ShowingDustTests/Info.plist;
				LD_RUNPATH_SEARCH_PATHS = (
					"$(inherited)",
					"@executable_path/Frameworks",
					"@loader_path/Frameworks",
				);
				PRODUCT_BUNDLE_IDENTIFIER = com.hyunsu.park.ShowingDustTests;
				PRODUCT_NAME = "$(TARGET_NAME)";
				SWIFT_VERSION = 5.0;
				TARGETED_DEVICE_FAMILY = "1,2";
				TEST_HOST = "$(BUILT_PRODUCTS_DIR)/ShowingDust.app/ShowingDust";
			};
			name = Release;
		};
/* End XCBuildConfiguration section */

/* Begin XCConfigurationList section */
		DBA3E030263FED5200DEB36A /* Build configuration list for PBXProject "ShowingDust" */ = {
			isa = XCConfigurationList;
			buildConfigurations = (
				DBA3E047263FED5300DEB36A /* Debug */,
				DBA3E048263FED5300DEB36A /* Release */,
			);
			defaultConfigurationIsVisible = 0;
			defaultConfigurationName = Release;
		};
		DBA3E049263FED5300DEB36A /* Build configuration list for PBXNativeTarget "ShowingDust" */ = {
			isa = XCConfigurationList;
			buildConfigurations = (
				DBA3E04A263FED5300DEB36A /* Debug */,
				DBA3E04B263FED5300DEB36A /* Release */,
			);
			defaultConfigurationIsVisible = 0;
			defaultConfigurationName = Release;
		};
		DBA3E0832640243E00DEB36A /* Build configuration list for PBXNativeTarget "ShowingDustTests" */ = {
			isa = XCConfigurationList;
			buildConfigurations = (
				DBA3E0812640243E00DEB36A /* Debug */,
				DBA3E0822640243E00DEB36A /* Release */,
			);
			defaultConfigurationIsVisible = 0;
			defaultConfigurationName = Release;
		};
/* End XCConfigurationList section */
	};
	rootObject = DBA3E02D263FED5200DEB36A /* Project object */;
}
